# THIS IS AN AUTOGENERATED FILE. DO NOT EDIT THIS FILE DIRECTLY.
# yarn lockfile v1


h3-js@4.5.0:
  version "4.5.0"
  resolved "https://registry.yarnpkg.com/h3-js/-/h3-js-4.5.0.tgz#7866812ef3b6432652ee0ace74a527572f6644c5"
  integrity sha512-uKmdPc+DuarnR+XqZxEuWOMw7KzzKROrx3MLeJpFnMOs78S9M5eZ+X5RieS9UcSFQqbeXzbfWuX/W9Pyajinqw==
